
Microsoft Visual Studio Solution File, Format Version 12.00
# Visual Studio 15
VisualStudioVersion = 15.0.27130.2024
MinimumVisualStudioVersion = 10.0.40219.1
Project("{9A19103F-16F7-4668-BE54-9A1E7A4F7556}") = "YouPub", "YouPub.csproj", "{D7A1FB81-D9F1-42AF-BAA2-AC4E23671ACE}"
EndProject
Global
	GlobalSection(SolutionConfigurationPlatforms) = preSolution
		Debug|Any CPU = Debug|Any CPU
		Release|Any CPU = Release|Any CPU
	EndGlobalSection
	GlobalSection(ProjectConfigurationPlatforms) = postSolution
		{D7A1FB81-D9F1-42AF-BAA2-AC4E23671ACE}.Debug|Any CPU.ActiveCfg = Debug|Any CPU
		{D7A1FB81-D9F1-42AF-BAA2-AC4E23671ACE}.Debug|Any CPU.Build.0 = Debug|Any CPU
		{D7A1FB81-D9F1-42AF-BAA2-AC4E23671ACE}.Release|Any CPU.ActiveCfg = Release|Any CPU
		{D7A1FB81-D9F1-42AF-BAA2-AC4E23671ACE}.Release|Any CPU.Build.0 = Release|Any CPU
	EndGlobalSection
	GlobalSection(SolutionProperties) = preSolution
		HideSolutionNode = FALSE
	EndGlobalSection
	GlobalSection(ExtensibilityGlobals) = postSolution
		SolutionGuid = {5AE871A2-E4F5-4300-823C-85858A74443E}
	EndGlobalSection
EndGlobal
